
Microsoft Visual Studio Solution File, Format Version 12.00
# Visual Studio Version 17
VisualStudioVersion = 17.14.37301.10 d17.14
MinimumVisualStudioVersion = 10.0.40219.1
Project("{FAE04EC0-301F-11D3-BF4B-00C04F79EFBC}") = "KiemKeNVL", "KiemKeNVL\KiemKeNVL.csproj", "{4EF404C2-D47E-4C70-8021-C2CA788A9E2D}"
EndProject
Global
	GlobalSection(SolutionConfigurationPlatforms) = preSolution
		Debug|Any CPU = Debug|Any CPU
		Release|Any CPU = Release|Any CPU
	EndGlobalSection
	GlobalSection(ProjectConfigurationPlatforms) = postSolution
		{4EF404C2-D47E-4C70-8021-C2CA788A9E2D}.Debug|Any CPU.ActiveCfg = Debug|Any CPU
		{4EF404C2-D47E-4C70-8021-C2CA788A9E2D}.Debug|Any CPU.Build.0 = Debug|Any CPU
		{4EF404C2-D47E-4C70-8021-C2CA788A9E2D}.Release|Any CPU.ActiveCfg = Release|Any CPU
		{4EF404C2-D47E-4C70-8021-C2CA788A9E2D}.Release|Any CPU.Build.0 = Release|Any CPU
	EndGlobalSection
	GlobalSection(SolutionProperties) = preSolution
		HideSolutionNode = FALSE
	EndGlobalSection
	GlobalSection(ExtensibilityGlobals) = postSolution
		SolutionGuid = {0E866DF1-C30B-4484-BF37-631C4D61A7CA}
	EndGlobalSection
EndGlobal
